# Runtime dependencies of the worker image (linux, CPython 3.12).
# Installed with --require-hashes; regenerate when bumping versions.
psycopg==3.3.6 \
    --hash=sha256:a1db9f7148b06a28606767efaca51fa6f9398c5c0a3810519be69d7000bdb631
psycopg-binary==3.3.6 \
    --hash=sha256:1679a1cb93fbe5a6d1fd58d82cbddcc6fcb8c61446ba7cae6eb2a7b19bc585de \
    --hash=sha256:37d40450659401600e6d043ff586c89a71a69f33cbb8bcdba6cdb2569beecdbe \
    --hash=sha256:d636338c8f21b0df2f84657b00bc34f9313f826ef93f1155bc743607e4a0c5eb \
    --hash=sha256:f21d057f3e5f5491067e5b292498073b73847d48799b099803fef100775fcc52
typing-extensions==4.16.0 \
    --hash=sha256:481caa481374e813c1b176ada14e97f1f67a4539ce9cfeb3f350d78d6370c2e8
